
Microsoft Visual Studio Solution File, Format Version 12.00
# Visual Studio Version 16
VisualStudioVersion = 16.0.30517.126
MinimumVisualStudioVersion = 10.0.40219.1
Project("{9A19103F-16F7-4668-BE54-9A1E7A4F7556}") = "CsvMapper.Logic", "..\CsvMapper\CsvMapper.Logic\CsvMapper.Logic.csproj", "{0C8F93A7-84DE-40BF-8539-512E3249A119}"
EndProject
Project("{9A19103F-16F7-4668-BE54-9A1E7A4F7556}") = "Chinook.ConApp", "Chinook.Marketing.ConApp\Chinook.ConApp.csproj", "{B5BA9483-0C55-4ADC-8A5D-55ECB87550A8}"
EndProject
Project("{9A19103F-16F7-4668-BE54-9A1E7A4F7556}") = "CommonBase", "CommonBase\CommonBase.csproj", "{8555CC34-737D-416E-BF09-DEC8DAB2C5AB}"
EndProject
Project("{9A19103F-16F7-4668-BE54-9A1E7A4F7556}") = "Chinook.Contracts", "Chinook.Contracts\Chinook.Contracts.csproj", "{BC5DCF51-C8EA-4042-AA46-CD29149BFC65}"
EndProject
Project("{9A19103F-16F7-4668-BE54-9A1E7A4F7556}") = "Chinook.Logic", "Chinook.Logic\Chinook.Logic.csproj", "{8A944812-7254-48F6-9529-E4F2D39539E5}"
EndProject
Project("{9A19103F-16F7-4668-BE54-9A1E7A4F7556}") = "Chinook.Report", "Chinook.Report\Chinook.Report.csproj", "{33487025-0B9F-4328-A579-A5DD0967CC17}"
EndProject
Project("{2150E333-8FDC-42A3-9474-1A3956D46DE8}") = "Solution Items", "Solution Items", "{DF202F1E-2FFB-4EB9-8DBA-35635B8185EB}"
	ProjectSection(SolutionItems) = preProject
		Demo.md = Demo.md
		Models.png = Models.png
		README.md = README.md
	EndProjectSection
EndProject
Project("{9A19103F-16F7-4668-BE54-9A1E7A4F7556}") = "Chinook.WebAPI", "Chinook.WebApi\Chinook.WebAPI.csproj", "{F72AEC64-2FE4-436C-AB30-CD03BB0B5531}"
EndProject
Global
	GlobalSection(SolutionConfigurationPlatforms) = preSolution
		Debug|Any CPU = Debug|Any CPU
		Release|Any CPU = Release|Any CPU
	EndGlobalSection
	GlobalSection(ProjectConfigurationPlatforms) = postSolution
		{0C8F93A7-84DE-40BF-8539-512E3249A119}.Debug|Any CPU.ActiveCfg = Debug|Any CPU
		{0C8F93A7-84DE-40BF-8539-512E3249A119}.Debug|Any CPU.Build.0 = Debug|Any CPU
		{0C8F93A7-84DE-40BF-8539-512E3249A119}.Release|Any CPU.ActiveCfg = Release|Any CPU
		{0C8F93A7-84DE-40BF-8539-512E3249A119}.Release|Any CPU.Build.0 = Release|Any CPU
		{B5BA9483-0C55-4ADC-8A5D-55ECB87550A8}.Debug|Any CPU.ActiveCfg = Debug|Any CPU
		{B5BA9483-0C55-4ADC-8A5D-55ECB87550A8}.Debug|Any CPU.Build.0 = Debug|Any CPU
		{B5BA9483-0C55-4ADC-8A5D-55ECB87550A8}.Release|Any CPU.ActiveCfg = Release|Any CPU
		{B5BA9483-0C55-4ADC-8A5D-55ECB87550A8}.Release|Any CPU.Build.0 = Release|Any CPU
		{8555CC34-737D-416E-BF09-DEC8DAB2C5AB}.Debug|Any CPU.ActiveCfg = Debug|Any CPU
		{8555CC34-737D-416E-BF09-DEC8DAB2C5AB}.Debug|Any CPU.Build.0 = Debug|Any CPU
		{8555CC34-737D-416E-BF09-DEC8DAB2C5AB}.Release|Any CPU.ActiveCfg = Release|Any CPU
		{8555CC34-737D-416E-BF09-DEC8DAB2C5AB}.Release|Any CPU.Build.0 = Release|Any CPU
		{BC5DCF51-C8EA-4042-AA46-CD29149BFC65}.Debug|Any CPU.ActiveCfg = Debug|Any CPU
		{BC5DCF51-C8EA-4042-AA46-CD29149BFC65}.Debug|Any CPU.Build.0 = Debug|Any CPU
		{BC5DCF51-C8EA-4042-AA46-CD29149BFC65}.Release|Any CPU.ActiveCfg = Release|Any CPU
		{BC5DCF51-C8EA-4042-AA46-CD29149BFC65}.Release|Any CPU.Build.0 = Release|Any CPU
		{8A944812-7254-48F6-9529-E4F2D39539E5}.Debug|Any CPU.ActiveCfg = Debug|Any CPU
		{8A944812-7254-48F6-9529-E4F2D39539E5}.Debug|Any CPU.Build.0 = Debug|Any CPU
		{8A944812-7254-48F6-9529-E4F2D39539E5}.Release|Any CPU.ActiveCfg = Release|Any CPU
		{8A944812-7254-48F6-9529-E4F2D39539E5}.Release|Any CPU.Build.0 = Release|Any CPU
		{33487025-0B9F-4328-A579-A5DD0967CC17}.Debug|Any CPU.ActiveCfg = Debug|Any CPU
		{33487025-0B9F-4328-A579-A5DD0967CC17}.Debug|Any CPU.Build.0 = Debug|Any CPU
		{33487025-0B9F-4328-A579-A5DD0967CC17}.Release|Any CPU.ActiveCfg = Release|Any CPU
		{33487025-0B9F-4328-A579-A5DD0967CC17}.Release|Any CPU.Build.0 = Release|Any CPU
		{F72AEC64-2FE4-436C-AB30-CD03BB0B5531}.Debug|Any CPU.ActiveCfg = Debug|Any CPU
		{F72AEC64-2FE4-436C-AB30-CD03BB0B5531}.Debug|Any CPU.Build.0 = Debug|Any CPU
		{F72AEC64-2FE4-436C-AB30-CD03BB0B5531}.Release|Any CPU.ActiveCfg = Release|Any CPU
		{F72AEC64-2FE4-436C-AB30-CD03BB0B5531}.Release|Any CPU.Build.0 = Release|Any CPU
	EndGlobalSection
	GlobalSection(SolutionProperties) = preSolution
		HideSolutionNode = FALSE
	EndGlobalSection
	GlobalSection(ExtensibilityGlobals) = postSolution
		SolutionGuid = {EC2E5733-8F78-41B9-99BD-491673BC99BD}
	EndGlobalSection
EndGlobal
